
Microsoft Visual Studio Solution File, Format Version 12.00
# Visual Studio 2017
Project("{FAE04EC0-301F-11D3-BF4B-00C04F79EFBC}") = "my-website-api", "my-website-api/my-website-api.csproj", "{958EEA2A-7C0D-445D-B825-F21318ED3A4D}"
EndProject
Global
	GlobalSection(SolutionConfigurationPlatforms) = preSolution
		Debug|Any CPU = Debug|Any CPU
		Release|Any CPU = Release|Any CPU
	EndGlobalSection
	GlobalSection(ProjectConfigurationPlatforms) = postSolution
		{958EEA2A-7C0D-445D-B825-F21318ED3A4D}.Debug|Any CPU.ActiveCfg = Debug|Any CPU
		{958EEA2A-7C0D-445D-B825-F21318ED3A4D}.Debug|Any CPU.Build.0 = Debug|Any CPU
		{958EEA2A-7C0D-445D-B825-F21318ED3A4D}.Release|Any CPU.ActiveCfg = Release|Any CPU
		{958EEA2A-7C0D-445D-B825-F21318ED3A4D}.Release|Any CPU.Build.0 = Release|Any CPU
	EndGlobalSection
EndGlobal
