
Microsoft Visual Studio Solution File, Format Version 12.00
Project("{FAE04EC0-301F-11D3-BF4B-00C04F79EFBC}") = "my-website-api", "my-website-api\my-website-api.csproj", "{E0BE02A1-64CC-49AA-85A0-EE7E9EC9917C}"
EndProject
Global
	GlobalSection(SolutionConfigurationPlatforms) = preSolution
		Debug|Any CPU = Debug|Any CPU
		Release|Any CPU = Release|Any CPU
	EndGlobalSection
	GlobalSection(ProjectConfigurationPlatforms) = postSolution
		{E0BE02A1-64CC-49AA-85A0-EE7E9EC9917C}.Debug|Any CPU.ActiveCfg = Debug|Any CPU
		{E0BE02A1-64CC-49AA-85A0-EE7E9EC9917C}.Debug|Any CPU.Build.0 = Debug|Any CPU
		{E0BE02A1-64CC-49AA-85A0-EE7E9EC9917C}.Release|Any CPU.ActiveCfg = Release|Any CPU
		{E0BE02A1-64CC-49AA-85A0-EE7E9EC9917C}.Release|Any CPU.Build.0 = Release|Any CPU
	EndGlobalSection
EndGlobal
